{
  "name": "05-express-middlewares",
  "lockfileVersion": 2,
  "requires": true,
  "packages": {
    "": {
      "dependencies": {
        "express-rescue": "^1.1.31"
      }
    },
    "node_modules/express-rescue": {
      "version": "1.1.31",
      "resolved": "https://registry.npmjs.org/express-rescue/-/express-rescue-1.1.31.tgz",
      "integrity": "sha512-nX/xfFoB0yjpNqEjI/4y8bafg/agtYFHetGb6/jENv4JEmPDR87d2AjlNsECxRKXsrPjXLQA6YXWluZ9j0QSOA==",
      "engines": {
        "node": ">=7.6.0"
      }
    }
  },
  "dependencies": {
    "express-rescue": {
      "version": "1.1.31",
      "resolved": "https://registry.npmjs.org/express-rescue/-/express-rescue-1.1.31.tgz",
      "integrity": "sha512-nX/xfFoB0yjpNqEjI/4y8bafg/agtYFHetGb6/jENv4JEmPDR87d2AjlNsECxRKXsrPjXLQA6YXWluZ9j0QSOA=="
    }
  }
}
